// !$*UTF8*$!
{
	archiveVersion = 1;
	classes = {
	};
	objectVersion = 56;
	objects = {

/* Begin PBXBuildFile section */
		D472E4BF2A6E7D51009EE887 /* AppDelegate.swift in Sources */ = {isa = PBXBuildFile; fileRef = D472E4BE2A6E7D51009EE887 /* AppDelegate.swift */; };
		D472E4C12A6E7D51009EE887 /* SceneDelegate.swift in Sources */ = {isa = PBXBuildFile; fileRef = D472E4C02A6E7D51009EE887 /* SceneDelegate.swift */; };
		D472E4C32A6E7D51009EE887 /* ViewController.swift in Sources */ = {isa = PBXBuildFile; fileRef = D472E4C22A6E7D51009EE887 /* ViewController.swift */; };
		D472E4C62A6E7D51009EE887 /* Main.storyboard in Resources */ = {isa = PBXBuildFile; fileRef = D472E4C42A6E7D51009EE887 /* Main.storyboard */; };
		D472E4C82A6E7D53009EE887 /* Assets.xcassets in Resources */ = {isa = PBXBuildFile; fileRef = D472E4C72A6E7D53009EE887 /* Assets.xcassets */; };
		D472E4CB2A6E7D53009EE887 /* LaunchScreen.storyboard in Resources */ = {isa = PBXBuildFile; fileRef = D472E4C92A6E7D53009EE887 /* LaunchScreen.storyboard */; };
		D472E4D32A70065C009EE887 /* UnknownNumberController.swift in Sources */ = {isa = PBXBuildFile; fileRef = D472E4D22A70065C009EE887 /* UnknownNumberController.swift */; };
/* End PBXBuildFile section */

/* Begin PBXFileReference section */
		D472E4BB2A6E7D51009EE887 /* UnknownNumber.app */ = {isa = PBXFileReference; explicitFileType = wrapper.application; includeInIndex = 0; path = UnknownNumber.app; sourceTree = BUILT_PRODUCTS_DIR; };
		D472E4BE2A6E7D51009EE887 /* AppDelegate.swift */ = {isa = PBXFileReference; lastKnownFileType = sourcecode.swift; path = AppDelegate.swift; sourceTree = "<group>"; };
		D472E4C02A6E7D51009EE887 /* SceneDelegate.swift */ = {isa = PBXFileReference; lastKnownFileType = sourcecode.swift; path = SceneDelegate.swift; sourceTree = "<group>"; };
		D472E4C22A6E7D51009EE887 /* ViewController.swift */ = {isa = PBXFileReference; lastKnownFileType = sourcecode.swift; path = ViewController.swift; sourceTree = "<group>"; };
		D472E4C52A6E7D51009EE887 /* Base */ = {isa = PBXFileReference; lastKnownFileType = file.storyboard; name = Base; path = Base.lproj/Main.storyboard; sourceTree = "<group>"; };
		D472E4C72A6E7D53009EE887 /* Assets.xcassets */ = {isa = PBXFileReference; lastKnownFileType = folder.assetcatalog; path = Assets.xcassets; sourceTree = "<group>"; };
		D472E4CA2A6E7D53009EE887 /* Base */ = {isa = PBXFileReference; lastKnownFileType = file.storyboard; name = Base; path = Base.lproj/LaunchScreen.storyboard; sourceTree = "<group>"; };
		D472E4CC2A6E7D53009EE887 /* Info.plist */ = {isa = PBXFileReference; lastKnownFileType = text.plist.xml; path = Info.plist; sourceTree = "<group>"; };
		D472E4D22A70065C009EE887 /* UnknownNumberController.swift */ = {isa = PBXFileReference; lastKnownFileType = sourcecode.swift; path = UnknownNumberController.swift; sourceTree = "<group>"; };
/* End PBXFileReference section */

/* Begin PBXFrameworksBuildPhase section */
		D472E4B82A6E7D51009EE887 /* Frameworks */ = {
			isa = PBXFrameworksBuildPhase;
			buildActionMask = 2147483647;
			files = (
			);
			runOnlyForDeploymentPostprocessing = 0;
		};
/* End PBXFrameworksBuildPhase section */

/* Begin PBXGroup section */
		D472E4B22A6E7D51009EE887 = {
			isa = PBXGroup;
			children = (
				D472E4BD2A6E7D51009EE887 /* UnknownNumber */,
				D472E4BC2A6E7D51009EE887 /* Products */,
			);
			sourceTree = "<group>";
		};
		D472E4BC2A6E7D51009EE887 /* Products */ = {
			isa = PBXGroup;
			children = (
				D472E4BB2A6E7D51009EE887 /* UnknownNumber.app */,
			);
			name = Products;
			sourceTree = "<group>";
		};
		D472E4BD2A6E7D51009EE887 /* UnknownNumber */ = {
			isa = PBXGroup;
			children = (
				D472E4BE2A6E7D51009EE887 /* AppDelegate.swift */,
				D472E4C02A6E7D51009EE887 /* SceneDelegate.swift */,
				D472E4C22A6E7D51009EE887 /* ViewController.swift */,
				D472E4D22A70065C009EE887 /* UnknownNumberController.swift */,
				D472E4C42A6E7D51009EE887 /* Main.storyboard */,
				D472E4C72A6E7D53009EE887 /* Assets.xcassets */,
				D472E4C92A6E7D53009EE887 /* LaunchScreen.storyboard */,
				D472E4CC2A6E7D53009EE887 /* Info.plist */,
			);
			path = UnknownNumber;
			sourceTree = "<group>";
		};
/* End PBXGroup section */

/* Begin PBXNativeTarget section */
		D472E4BA2A6E7D51009EE887 /* UnknownNumber */ = {
			isa = PBXNativeTarget;
			buildConfigurationList = D472E4CF2A6E7D53009EE887 /* Build configuration list for PBXNativeTarget "UnknownNumber" */;
			buildPhases = (
				D472E4B72A6E7D51009EE887 /* Sources */,
				D472E4B82A6E7D51009EE887 /* Frameworks */,
				D472E4B92A6E7D51009EE887 /* Resources */,
			);
			buildRules = (
			);
			dependencies = (
			);
			name = UnknownNumber;
			productName = UnknownNumber;
			productReference = D472E4BB2A6E7D51009EE887 /* UnknownNumber.app */;
			productType = "com.apple.product-type.application";
		};
/* End PBXNativeTarget section */

/* Begin PBXProject section */
		D472E4B32A6E7D51009EE887 /* Project object */ = {
			isa = PBXProject;
			attributes = {
				BuildIndependentTargetsInParallel = 1;
				LastSwiftUpdateCheck = 1410;
				LastUpgradeCheck = 1410;
				TargetAttributes = {
					D472E4BA2A6E7D51009EE887 = {
						CreatedOnToolsVersion = 14.1;
					};
				};
			};
			buildConfigurationList = D472E4B62A6E7D51009EE887 /* Build configuration list for PBXProject "Unknown Number" */;
			compatibilityVersion = "Xcode 14.0";
			developmentRegion = en;
			hasScannedForEncodings = 0;
			knownRegions = (
				en,
				Base,
			);
			mainGroup = D472E4B22A6E7D51009EE887;
			productRefGroup = D472E4BC2A6E7D51009EE887 /* Products */;
			projectDirPath = "";
			projectRoot = "";
			targets = (
				D472E4BA2A6E7D51009EE887 /* UnknownNumber */,
			);
		};
/* End PBXProject section */

/* Begin PBXResourcesBuildPhase section */
		D472E4B92A6E7D51009EE887 /* Resources */ = {
			isa = PBXResourcesBuildPhase;
			buildActionMask = 2147483647;
			files = (
				D472E4CB2A6E7D53009EE887 /* LaunchScreen.storyboard in Resources */,
				D472E4C82A6E7D53009EE887 /* Assets.xcassets in Resources */,
				D472E4C62A6E7D51009EE887 /* Main.storyboard in Resources */,
			);
			runOnlyForDeploymentPostprocessing = 0;
		};
/* End PBXResourcesBuildPhase section */

/* Begin PBXSourcesBuildPhase section */
		D472E4B72A6E7D51009EE887 /* Sources */ = {
			isa = PBXSourcesBuildPhase;
			buildActionMask = 2147483647;
			files = (
				D472E4C32A6E7D51009EE887 /* ViewController.swift in Sources */,
				D472E4D32A70065C009EE887 /* UnknownNumberController.swift in Sources */,
				D472E4BF2A6E7D51009EE887 /* AppDelegate.swift in Sources */,
				D472E4C12A6E7D51009EE887 /* SceneDelegate.swift in Sources */,
			);
			runOnlyForDeploymentPostprocessing = 0;
		};
/* End PBXSourcesBuildPhase section */

/* Begin PBXVariantGroup section */
		D472E4C42A6E7D51009EE887 /* Main.storyboard */ = {
			isa = PBXVariantGroup;
			children = (
				D472E4C52A6E7D51009EE887 /* Base */,
			);
			name = Main.storyboard;
			sourceTree = "<group>";
		};
		D472E4C92A6E7D53009EE887 /* LaunchScreen.storyboard */ = {
			isa = PBXVariantGroup;
			children = (
				D472E4CA2A6E7D53009EE887 /* Base */,
			);
			name = LaunchScreen.storyboard;
			sourceTree = "<group>";
		};
/* End PBXVariantGroup section */

/* Begin XCBuildConfiguration section */
		D472E4CD2A6E7D53009EE887 /* Debug */ = {
			isa = XCBuildConfiguration;
			buildSettings = {
				ALWAYS_SEARCH_USER_PATHS = NO;
				CLANG_ANALYZER_NONNULL = YES;
				CLANG_ANALYZER_NUMBER_OBJECT_CONVERSION = YES_AGGRESSIVE;
				CLANG_CXX_LANGUAGE_STANDARD = "gnu++20";
				CLANG_ENABLE_MODULES = YES;
				CLANG_ENABLE_OBJC_ARC = YES;
				CLANG_ENABLE_OBJC_WEAK = YES;
				CLANG_WARN_BLOCK_CAPTURE_AUTORELEASING = YES;
				CLANG_WARN_BOOL_CONVERSION = YES;
				CLANG_WARN_COMMA = YES;
				CLANG_WARN_CONSTANT_CONVERSION = YES;
				CLANG_WARN_DEPRECATED_OBJC_IMPLEMENTATIONS = YES;
				CLANG_WARN_DIRECT_OBJC_ISA_USAGE = YES_ERROR;
				CLANG_WARN_DOCUMENTATION_COMMENTS = YES;
				CLANG_WARN_EMPTY_BODY = YES;
				CLANG_WARN_ENUM_CONVERSION = YES;
				CLANG_WARN_INFINITE_RECURSION = YES;
				CLANG_WARN_INT_CONVERSION = YES;
				CLANG_WARN_NON_LITERAL_NULL_CONVERSION = YES;
				CLANG_WARN_OBJC_IMPLICIT_RETAIN_SELF = YES;
				CLANG_WARN_OBJC_LITERAL_CONVERSION = YES;
				CLANG_WARN_OBJC_ROOT_CLASS = YES_ERROR;
				CLANG_WARN_QUOTED_INCLUDE_IN_FRAMEWORK_HEADER = YES;
				CLANG_WARN_RANGE_LOOP_ANALYSIS = YES;
				CLANG_WARN_STRICT_PROTOTYPES = YES;
				CLANG_WARN_SUSPICIOUS_MOVE = YES;
				CLANG_WARN_UNGUARDED_AVAILABILITY = YES_AGGRESSIVE;
				CLANG_WARN_UNREACHABLE_CODE = YES;
				CLANG_WARN__DUPLICATE_METHOD_MATCH = YES;
				COPY_PHASE_STRIP = NO;
				DEBUG_INFORMATION_FORMAT = dwarf;
				ENABLE_STRICT_OBJC_MSGSEND = YES;
				ENABLE_TESTABILITY = YES;
				GCC_C_LANGUAGE_STANDARD = gnu11;
				GCC_DYNAMIC_NO_PIC = NO;
				GCC_NO_COMMON_BLOCKS = YES;
				GCC_OPTIMIZATION_LEVEL = 0;
				GCC_PREPROCESSOR_DEFINITIONS = (
					"DEBUG=1",
					"$(inherited)",
				);
				GCC_WARN_64_TO_32_BIT_CONVERSION = YES;
				GCC_WARN_ABOUT_RETURN_TYPE = YES_ERROR;
				GCC_WARN_UNDECLARED_SELECTOR = YES;
				GCC_WARN_UNINITIALIZED_AUTOS = YES_AGGRESSIVE;
				GCC_WARN_UNUSED_FUNCTION = YES;
				GCC_WARN_UNUSED_VARIABLE = YES;
				IPHONEOS_DEPLOYMENT_TARGET = 16.1;
				MTL_ENABLE_DEBUG_INFO = INCLUDE_SOURCE;
				MTL_FAST_MATH = YES;
				ONLY_ACTIVE_ARCH = YES;
				SDKROOT = iphoneos;
				SWIFT_ACTIVE_COMPILATION_CONDITIONS = DEBUG;
				SWIFT_OPTIMIZATION_LEVEL = "-Onone";
			};
			name = Debug;
		};
		D472E4CE2A6E7D53009EE887 /* Release */ = {
			isa = XCBuildConfiguration;
			buildSettings = {
				ALWAYS_SEARCH_USER_PATHS = NO;
				CLANG_ANALYZER_NONNULL = YES;
				CLANG_ANALYZER_NUMBER_OBJECT_CONVERSION = YES_AGGRESSIVE;
				CLANG_CXX_LANGUAGE_STANDARD = "gnu++20";
				CLANG_ENABLE_MODULES = YES;
				CLANG_ENABLE_OBJC_ARC = YES;
				CLANG_ENABLE_OBJC_WEAK = YES;
				CLANG_WARN_BLOCK_CAPTURE_AUTORELEASING = YES;
				CLANG_WARN_BOOL_CONVERSION = YES;
				CLANG_WARN_COMMA = YES;
				CLANG_WARN_CONSTANT_CONVERSION = YES;
				CLANG_WARN_DEPRECATED_OBJC_IMPLEMENTATIONS = YES;
				CLANG_WARN_DIRECT_OBJC_ISA_USAGE = YES_ERROR;
				CLANG_WARN_DOCUMENTATION_COMMENTS = YES;
				CLANG_WARN_EMPTY_BODY = YES;
				CLANG_WARN_ENUM_CONVERSION = YES;
				CLANG_WARN_INFINITE_RECURSION = YES;
				CLANG_WARN_INT_CONVERSION = YES;
				CLANG_WARN_NON_LITERAL_NULL_CONVERSION = YES;
				CLANG_WARN_OBJC_IMPLICIT_RETAIN_SELF = YES;
				CLANG_WARN_OBJC_LITERAL_CONVERSION = YES;
				CLANG_WARN_OBJC_ROOT_CLASS = YES_ERROR;
				CLANG_WARN_QUOTED_INCLUDE_IN_FRAMEWORK_HEADER = YES;
				CLANG_WARN_RANGE_LOOP_ANALYSIS = YES;
				CLANG_WARN_STRICT_PROTOTYPES = YES;
				CLANG_WARN_SUSPICIOUS_MOVE = YES;
				CLANG_WARN_UNGUARDED_AVAILABILITY = YES_AGGRESSIVE;
				CLANG_WARN_UNREACHABLE_CODE = YES;
				CLANG_WARN__DUPLICATE_METHOD_MATCH = YES;
				COPY_PHASE_STRIP = NO;
				DEBUG_INFORMATION_FORMAT = "dwarf-with-dsym";
				ENABLE_NS_ASSERTIONS = NO;
				ENABLE_STRICT_OBJC_MSGSEND = YES;
				GCC_C_LANGUAGE_STANDARD = gnu11;
				GCC_NO_COMMON_BLOCKS = YES;
				GCC_WARN_64_TO_32_BIT_CONVERSION = YES;
				GCC_WARN_ABOUT_RETURN_TYPE = YES_ERROR;
				GCC_WARN_UNDECLARED_SELECTOR = YES;
				GCC_WARN_UNINITIALIZED_AUTOS = YES_AGGRESSIVE;
				GCC_WARN_UNUSED_FUNCTION = YES;
				GCC_WARN_UNUSED_VARIABLE = YES;
				IPHONEOS_DEPLOYMENT_TARGET = 16.1;
				MTL_ENABLE_DEBUG_INFO = NO;
				MTL_FAST_MATH = YES;
				SDKROOT = iphoneos;
				SWIFT_COMPILATION_MODE = wholemodule;
				SWIFT_OPTIMIZATION_LEVEL = "-O";
				VALIDATE_PRODUCT = YES;
			};
			name = Release;
		};
		D472E4D02A6E7D53009EE887 /* Debug */ = {
			isa = XCBuildConfiguration;
			buildSettings = {
				ASSETCATALOG_COMPILER_APPICON_NAME = AppIcon;
				ASSETCATALOG_COMPILER_GLOBAL_ACCENT_COLOR_NAME = AccentColor;
				CODE_SIGN_STYLE = Automatic;
				CURRENT_PROJECT_VERSION = 1;
				DEVELOPMENT_TEAM = 7B6YSJUL25;
				GENERATE_INFOPLIST_FILE = YES;
				INFOPLIST_FILE = UnknownNumber/Info.plist;
				INFOPLIST_KEY_UIApplicationSupportsIndirectInputEvents = YES;
				INFOPLIST_KEY_UILaunchStoryboardName = LaunchScreen;
				INFOPLIST_KEY_UIMainStoryboardFile = Main;
				INFOPLIST_KEY_UISupportedInterfaceOrientations = UIInterfaceOrientationPortrait;
				IPHONEOS_DEPLOYMENT_TARGET = 15.0;
				LD_RUNPATH_SEARCH_PATHS = (
					"$(inherited)",
					"@executable_path/Frameworks",
				);
				MARKETING_VERSION = 1.0;
				PRODUCT_BUNDLE_IDENTIFIER = by.ap12.UnknownNumber;
				PRODUCT_NAME = "$(TARGET_NAME)";
				SWIFT_EMIT_LOC_STRINGS = YES;
				SWIFT_VERSION = 5.0;
				TARGETED_DEVICE_FAMILY = "1,2";
			};
			name = Debug;
		};
		D472E4D12A6E7D53009EE887 /* Release */ = {
			isa = XCBuildConfiguration;
			buildSettings = {
				ASSETCATALOG_COMPILER_APPICON_NAME = AppIcon;
				ASSETCATALOG_COMPILER_GLOBAL_ACCENT_COLOR_NAME = AccentColor;
				CODE_SIGN_STYLE = Automatic;
				CURRENT_PROJECT_VERSION = 1;
				DEVELOPMENT_TEAM = 7B6YSJUL25;
				GENERATE_INFOPLIST_FILE = YES;
				INFOPLIST_FILE = UnknownNumber/Info.plist;
				INFOPLIST_KEY_UIApplicationSupportsIndirectInputEvents = YES;
				INFOPLIST_KEY_UILaunchStoryboardName = LaunchScreen;
				INFOPLIST_KEY_UIMainStoryboardFile = Main;
				INFOPLIST_KEY_UISupportedInterfaceOrientations = UIInterfaceOrientationPortrait;
				IPHONEOS_DEPLOYMENT_TARGET = 15.0;
				LD_RUNPATH_SEARCH_PATHS = (
					"$(inherited)",
					"@executable_path/Frameworks",
				);
				MARKETING_VERSION = 1.0;
				PRODUCT_BUNDLE_IDENTIFIER = by.ap12.UnknownNumber;
				PRODUCT_NAME = "$(TARGET_NAME)";
				SWIFT_EMIT_LOC_STRINGS = YES;
				SWIFT_VERSION = 5.0;
				TARGETED_DEVICE_FAMILY = "1,2";
			};
			name = Release;
		};
/* End XCBuildConfiguration section */

/* Begin XCConfigurationList section */
		D472E4B62A6E7D51009EE887 /* Build configuration list for PBXProject "Unknown Number" */ = {
			isa = XCConfigurationList;
			buildConfigurations = (
				D472E4CD2A6E7D53009EE887 /* Debug */,
				D472E4CE2A6E7D53009EE887 /* Release */,
			);
			defaultConfigurationIsVisible = 0;
			defaultConfigurationName = Release;
		};
		D472E4CF2A6E7D53009EE887 /* Build configuration list for PBXNativeTarget "UnknownNumber" */ = {
			isa = XCConfigurationList;
			buildConfigurations = (
				D472E4D02A6E7D53009EE887 /* Debug */,
				D472E4D12A6E7D53009EE887 /* Release */,
			);
			defaultConfigurationIsVisible = 0;
			defaultConfigurationName = Release;
		};
/* End XCConfigurationList section */
	};
	rootObject = D472E4B32A6E7D51009EE887 /* Project object */;
}
